<?xml version="1.0" encoding="utf-8"?>
<Project ToolsVersion="4.0" xmlns="http://schemas.microsoft.com/developer/msbuild/2003">
  <ItemGroup>
    <Filter Include="Source Files">
      <UniqueIdentifier>{4FC737F1-C7A5-4376-A066-2A32D752A2FF}</UniqueIdentifier>
      <Extensions>cpp;c;cc;cxx;def;odl;idl;hpj;bat;asm;asmx</Extensions>
    </Filter>
    <Filter Include="Header Files">
      <UniqueIdentifier>{93995380-89BD-4b04-88EB-625FBE52EBFB}</UniqueIdentifier>
      <Extensions>h;hh;hpp;hxx;hm;inl;inc;xsd</Extensions>
    </Filter>
    <Filter Include="Resource Files">
      <UniqueIdentifier>{67DA6AB6-F800-4c08-8B7A-83BB121AAD01}</UniqueIdentifier>
      <Extensions>rc;ico;cur;bmp;dlg;rc2;rct;bin;rgs;gif;jpg;jpeg;jpe;resx;tiff;tif;png;wav;mfcribbon-ms</Extensions>
    </Filter>
    <Filter Include="Header Files\ApiProvider">
      <UniqueIdentifier>{3ef92e4b-521c-45ad-9413-65c23848058a}</UniqueIdentifier>
    </Filter>
    <Filter Include="Header Files\Processors">
      <UniqueIdentifier>{609c387c-4c6b-4f78-8f75-611e9cacb4d0}</UniqueIdentifier>
    </Filter>
    <Filter Include="Source Files\ApiProvider">
      <UniqueIdentifier>{4d12afe5-abdc-43ee-9c78-edc4cbafb997}</UniqueIdentifier>
    </Filter>
    <Filter Include="Source Files\Processors">
      <UniqueIdentifier>{4c8a4675-33f0-4b09-b950-307e736d212e}</UniqueIdentifier>
    </Filter>
  </ItemGroup>
  <ItemGroup>
    <ClInclude Include="Src\LoreiLib.h">
      <Filter>Header Files</Filter>
    </ClInclude>
    <ClInclude Include="Src\Processors\ScriptProcessor.h">
      <Filter>Header Files\Processors</Filter>
    </ClInclude>
    <ClInclude Include="Src\ApiProvider\ApiProvider.h">
      <Filter>Header Files\ApiProvider</Filter>
    </ClInclude>
  </ItemGroup>
  <ItemGroup>
    <ClCompile Include="Src\LoreiLib.cpp">
      <Filter>Source Files</Filter>
    </ClCompile>
    <ClCompile Include="Src\Processors\ScriptProcessor.cpp">
      <Filter>Source Files\Processors</Filter>
    </ClCompile>
    <ClCompile Include="Src\ApiProvider\ApiProvider.cpp">
      <Filter>Source Files\ApiProvider</Filter>
    </ClCompile>
  </ItemGroup>
  <ItemGroup>
    <None Include="packages.config" />
  </ItemGroup>
</Project>